
Microsoft Visual Studio Solution File, Format Version 12.00
# Visual Studio Version 17
VisualStudioVersion = 17.9.34723.18
MinimumVisualStudioVersion = 10.0.40219.1
Project("{FAE04EC0-301F-11D3-BF4B-00C04F79EFBC}") = "Editor.Android", "Editor.Android\Editor.Android.csproj", "{88659C6B-7D90-429A-B8C4-531E8790C36A}"
EndProject
Project("{FAE04EC0-301F-11D3-BF4B-00C04F79EFBC}") = "Editor.iOS", "Editor.iOS\Editor.iOS.csproj", "{2603252D-10B4-4252-8D19-DBE24960CA3F}"
EndProject
Project("{FAE04EC0-301F-11D3-BF4B-00C04F79EFBC}") = "Editor", "Editor\Editor.csproj", "{BB1675AF-30B2-4460-A9FF-024F86F4A7CD}"
EndProject
Global
	GlobalSection(SolutionConfigurationPlatforms) = preSolution
		Debug|Any CPU = Debug|Any CPU
		Debug|iPhone = Debug|iPhone
		Debug|iPhoneSimulator = Debug|iPhoneSimulator
		Release|Any CPU = Release|Any CPU
		Release|iPhone = Release|iPhone
		Release|iPhoneSimulator = Release|iPhoneSimulator
	EndGlobalSection
	GlobalSection(ProjectConfigurationPlatforms) = postSolution
		{88659C6B-7D90-429A-B8C4-531E8790C36A}.Debug|Any CPU.ActiveCfg = Debug|Any CPU
		{88659C6B-7D90-429A-B8C4-531E8790C36A}.Debug|Any CPU.Build.0 = Debug|Any CPU
		{88659C6B-7D90-429A-B8C4-531E8790C36A}.Debug|Any CPU.Deploy.0 = Debug|Any CPU
		{88659C6B-7D90-429A-B8C4-531E8790C36A}.Debug|iPhone.ActiveCfg = Debug|Any CPU
		{88659C6B-7D90-429A-B8C4-531E8790C36A}.Debug|iPhone.Build.0 = Debug|Any CPU
		{88659C6B-7D90-429A-B8C4-531E8790C36A}.Debug|iPhone.Deploy.0 = Debug|Any CPU
		{88659C6B-7D90-429A-B8C4-531E8790C36A}.Debug|iPhoneSimulator.ActiveCfg = Debug|Any CPU
		{88659C6B-7D90-429A-B8C4-531E8790C36A}.Debug|iPhoneSimulator.Build.0 = Debug|Any CPU
		{88659C6B-7D90-429A-B8C4-531E8790C36A}.Debug|iPhoneSimulator.Deploy.0 = Debug|Any CPU
		{88659C6B-7D90-429A-B8C4-531E8790C36A}.Release|Any CPU.ActiveCfg = Release|Any CPU
		{88659C6B-7D90-429A-B8C4-531E8790C36A}.Release|Any CPU.Build.0 = Release|Any CPU
		{88659C6B-7D90-429A-B8C4-531E8790C36A}.Release|Any CPU.Deploy.0 = Release|Any CPU
		{88659C6B-7D90-429A-B8C4-531E8790C36A}.Release|iPhone.ActiveCfg = Release|Any CPU
		{88659C6B-7D90-429A-B8C4-531E8790C36A}.Release|iPhone.Build.0 = Release|Any CPU
		{88659C6B-7D90-429A-B8C4-531E8790C36A}.Release|iPhone.Deploy.0 = Release|Any CPU
		{88659C6B-7D90-429A-B8C4-531E8790C36A}.Release|iPhoneSimulator.ActiveCfg = Release|Any CPU
		{88659C6B-7D90-429A-B8C4-531E8790C36A}.Release|iPhoneSimulator.Build.0 = Release|Any CPU
		{88659C6B-7D90-429A-B8C4-531E8790C36A}.Release|iPhoneSimulator.Deploy.0 = Release|Any CPU
		{2603252D-10B4-4252-8D19-DBE24960CA3F}.Debug|Any CPU.ActiveCfg = Debug|iPhone
		{2603252D-10B4-4252-8D19-DBE24960CA3F}.Debug|Any CPU.Build.0 = Debug|iPhone
		{2603252D-10B4-4252-8D19-DBE24960CA3F}.Debug|Any CPU.Deploy.0 = Debug|iPhone
		{2603252D-10B4-4252-8D19-DBE24960CA3F}.Debug|iPhone.ActiveCfg = Debug|iPhone
		{2603252D-10B4-4252-8D19-DBE24960CA3F}.Debug|iPhone.Build.0 = Debug|iPhone
		{2603252D-10B4-4252-8D19-DBE24960CA3F}.Debug|iPhone.Deploy.0 = Debug|iPhone
		{2603252D-10B4-4252-8D19-DBE24960CA3F}.Debug|iPhoneSimulator.ActiveCfg = Debug|iPhoneSimulator
		{2603252D-10B4-4252-8D19-DBE24960CA3F}.Debug|iPhoneSimulator.Build.0 = Debug|iPhoneSimulator
		{2603252D-10B4-4252-8D19-DBE24960CA3F}.Debug|iPhoneSimulator.Deploy.0 = Debug|iPhoneSimulator
		{2603252D-10B4-4252-8D19-DBE24960CA3F}.Release|Any CPU.ActiveCfg = Release|iPhoneSimulator
		{2603252D-10B4-4252-8D19-DBE24960CA3F}.Release|Any CPU.Build.0 = Release|iPhoneSimulator
		{2603252D-10B4-4252-8D19-DBE24960CA3F}.Release|Any CPU.Deploy.0 = Release|iPhoneSimulator
		{2603252D-10B4-4252-8D19-DBE24960CA3F}.Release|iPhone.ActiveCfg = Release|iPhone
		{2603252D-10B4-4252-8D19-DBE24960CA3F}.Release|iPhone.Build.0 = Release|iPhone
		{2603252D-10B4-4252-8D19-DBE24960CA3F}.Release|iPhone.Deploy.0 = Release|iPhone
		{2603252D-10B4-4252-8D19-DBE24960CA3F}.Release|iPhoneSimulator.ActiveCfg = Release|iPhoneSimulator
		{2603252D-10B4-4252-8D19-DBE24960CA3F}.Release|iPhoneSimulator.Build.0 = Release|iPhoneSimulator
		{2603252D-10B4-4252-8D19-DBE24960CA3F}.Release|iPhoneSimulator.Deploy.0 = Release|iPhoneSimulator
		{BB1675AF-30B2-4460-A9FF-024F86F4A7CD}.Debug|Any CPU.ActiveCfg = Debug|Any CPU
		{BB1675AF-30B2-4460-A9FF-024F86F4A7CD}.Debug|Any CPU.Build.0 = Debug|Any CPU
		{BB1675AF-30B2-4460-A9FF-024F86F4A7CD}.Debug|Any CPU.Deploy.0 = Debug|Any CPU
		{BB1675AF-30B2-4460-A9FF-024F86F4A7CD}.Debug|iPhone.ActiveCfg = Debug|Any CPU
		{BB1675AF-30B2-4460-A9FF-024F86F4A7CD}.Debug|iPhone.Build.0 = Debug|Any CPU
		{BB1675AF-30B2-4460-A9FF-024F86F4A7CD}.Debug|iPhone.Deploy.0 = Debug|Any CPU
		{BB1675AF-30B2-4460-A9FF-024F86F4A7CD}.Debug|iPhoneSimulator.ActiveCfg = Debug|Any CPU
		{BB1675AF-30B2-4460-A9FF-024F86F4A7CD}.Debug|iPhoneSimulator.Build.0 = Debug|Any CPU
		{BB1675AF-30B2-4460-A9FF-024F86F4A7CD}.Debug|iPhoneSimulator.Deploy.0 = Debug|Any CPU
		{BB1675AF-30B2-4460-A9FF-024F86F4A7CD}.Release|Any CPU.ActiveCfg = Release|Any CPU
		{BB1675AF-30B2-4460-A9FF-024F86F4A7CD}.Release|Any CPU.Build.0 = Release|Any CPU
		{BB1675AF-30B2-4460-A9FF-024F86F4A7CD}.Release|Any CPU.Deploy.0 = Release|Any CPU
		{BB1675AF-30B2-4460-A9FF-024F86F4A7CD}.Release|iPhone.ActiveCfg = Release|Any CPU
		{BB1675AF-30B2-4460-A9FF-024F86F4A7CD}.Release|iPhone.Build.0 = Release|Any CPU
		{BB1675AF-30B2-4460-A9FF-024F86F4A7CD}.Release|iPhone.Deploy.0 = Release|Any CPU
		{BB1675AF-30B2-4460-A9FF-024F86F4A7CD}.Release|iPhoneSimulator.ActiveCfg = Release|Any CPU
		{BB1675AF-30B2-4460-A9FF-024F86F4A7CD}.Release|iPhoneSimulator.Build.0 = Release|Any CPU
		{BB1675AF-30B2-4460-A9FF-024F86F4A7CD}.Release|iPhoneSimulator.Deploy.0 = Release|Any CPU
	EndGlobalSection
	GlobalSection(SolutionProperties) = preSolution
		HideSolutionNode = FALSE
	EndGlobalSection
	GlobalSection(ExtensibilityGlobals) = postSolution
		SolutionGuid = {13CC7AB5-A7E1-4506-9EBF-EF34F057E7D6}
	EndGlobalSection
EndGlobal
